// !$*UTF8*$!
{
	archiveVersion = 1;
	classes = {
	};
	objectVersion = 50;
	objects = {

/* Begin PBXBuildFile section */
		6203E80722CD18E500A7FC59 /* AppDelegate.m in Sources */ = {isa = PBXBuildFile; fileRef = 6203E80622CD18E500A7FC59 /* AppDelegate.m */; };
		6203E80A22CD18E500A7FC59 /* ViewController.m in Sources */ = {isa = PBXBuildFile; fileRef = 6203E80922CD18E500A7FC59 /* ViewController.m */; };
		6203E80D22CD18E500A7FC59 /* Main.storyboard in Resources */ = {isa = PBXBuildFile; fileRef = 6203E80B22CD18E500A7FC59 /* Main.storyboard */; };
		6203E80F22CD18E600A7FC59 /* Assets.xcassets in Resources */ = {isa = PBXBuildFile; fileRef = 6203E80E22CD18E600A7FC59 /* Assets.xcassets */; };
		6203E81222CD18E600A7FC59 /* LaunchScreen.storyboard in Resources */ = {isa = PBXBuildFile; fileRef = 6203E81022CD18E600A7FC59 /* LaunchScreen.storyboard */; };
		6203E81522CD18E600A7FC59 /* main.m in Sources */ = {isa = PBXBuildFile; fileRef = 6203E81422CD18E600A7FC59 /* main.m */; };
		6203E81F22CD18E600A7FC59 /* HighestNumberInArrayTests.m in Sources */ = {isa = PBXBuildFile; fileRef = 6203E81E22CD18E600A7FC59 /* HighestNumberInArrayTests.m */; };
		6203E82A22CD18E600A7FC59 /* HighestNumberInArrayUITests.m in Sources */ = {isa = PBXBuildFile; fileRef = 6203E82922CD18E600A7FC59 /* HighestNumberInArrayUITests.m */; };
/* End PBXBuildFile section */

/* Begin PBXContainerItemProxy section */
		6203E81B22CD18E600A7FC59 /* PBXContainerItemProxy */ = {
			isa = PBXContainerItemProxy;
			containerPortal = 6203E7FA22CD18E500A7FC59 /* Project object */;
			proxyType = 1;
			remoteGlobalIDString = 6203E80122CD18E500A7FC59;
			remoteInfo = HighestNumberInArray;
		};
		6203E82622CD18E600A7FC59 /* PBXContainerItemProxy */ = {
			isa = PBXContainerItemProxy;
			containerPortal = 6203E7FA22CD18E500A7FC59 /* Project object */;
			proxyType = 1;
			remoteGlobalIDString = 6203E80122CD18E500A7FC59;
			remoteInfo = HighestNumberInArray;
		};
/* End PBXContainerItemProxy section */

/* Begin PBXFileReference section */
		6203E80222CD18E500A7FC59 /* HighestNumberInArray.app */ = {isa = PBXFileReference; explicitFileType = wrapper.application; includeInIndex = 0; path = HighestNumberInArray.app; sourceTree = BUILT_PRODUCTS_DIR; };
		6203E80522CD18E500A7FC59 /* AppDelegate.h */ = {isa = PBXFileReference; lastKnownFileType = sourcecode.c.h; path = AppDelegate.h; sourceTree = "<group>"; };
		6203E80622CD18E500A7FC59 /* AppDelegate.m */ = {isa = PBXFileReference; lastKnownFileType = sourcecode.c.objc; path = AppDelegate.m; sourceTree = "<group>"; };
		6203E80822CD18E500A7FC59 /* ViewController.h */ = {isa = PBXFileReference; lastKnownFileType = sourcecode.c.h; path = ViewController.h; sourceTree = "<group>"; };
		6203E80922CD18E500A7FC59 /* ViewController.m */ = {isa = PBXFileReference; lastKnownFileType = sourcecode.c.objc; path = ViewController.m; sourceTree = "<group>"; };
		6203E80C22CD18E500A7FC59 /* Base */ = {isa = PBXFileReference; lastKnownFileType = file.storyboard; name = Base; path = Base.lproj/Main.storyboard; sourceTree = "<group>"; };
		6203E80E22CD18E600A7FC59 /* Assets.xcassets */ = {isa = PBXFileReference; lastKnownFileType = folder.assetcatalog; path = Assets.xcassets; sourceTree = "<group>"; };
		6203E81122CD18E600A7FC59 /* Base */ = {isa = PBXFileReference; lastKnownFileType = file.storyboard; name = Base; path = Base.lproj/LaunchScreen.storyboard; sourceTree = "<group>"; };
		6203E81322CD18E600A7FC59 /* Info.plist */ = {isa = PBXFileReference; lastKnownFileType = text.plist.xml; path = Info.plist; sourceTree = "<group>"; };
		6203E81422CD18E600A7FC59 /* main.m */ = {isa = PBXFileReference; lastKnownFileType = sourcecode.c.objc; path = main.m; sourceTree = "<group>"; };
		6203E81A22CD18E600A7FC59 /* HighestNumberInArrayTests.xctest */ = {isa = PBXFileReference; explicitFileType = wrapper.cfbundle; includeInIndex = 0; path = HighestNumberInArrayTests.xctest; sourceTree = BUILT_PRODUCTS_DIR; };
		6203E81E22CD18E600A7FC59 /* HighestNumberInArrayTests.m */ = {isa = PBXFileReference; lastKnownFileType = sourcecode.c.objc; path = HighestNumberInArrayTests.m; sourceTree = "<group>"; };
		6203E82022CD18E600A7FC59 /* Info.plist */ = {isa = PBXFileReference; lastKnownFileType = text.plist.xml; path = Info.plist; sourceTree = "<group>"; };
		6203E82522CD18E600A7FC59 /* HighestNumberInArrayUITests.xctest */ = {isa = PBXFileReference; explicitFileType = wrapper.cfbundle; includeInIndex = 0; path = HighestNumberInArrayUITests.xctest; sourceTree = BUILT_PRODUCTS_DIR; };
		6203E82922CD18E600A7FC59 /* HighestNumberInArrayUITests.m */ = {isa = PBXFileReference; lastKnownFileType = sourcecode.c.objc; path = HighestNumberInArrayUITests.m; sourceTree = "<group>"; };
		6203E82B22CD18E600A7FC59 /* Info.plist */ = {isa = PBXFileReference; lastKnownFileType = text.plist.xml; path = Info.plist; sourceTree = "<group>"; };
/* End PBXFileReference section */

/* Begin PBXFrameworksBuildPhase section */
		6203E7FF22CD18E500A7FC59 /* Frameworks */ = {
			isa = PBXFrameworksBuildPhase;
			buildActionMask = 2147483647;
			files = (
			);
			runOnlyForDeploymentPostprocessing = 0;
		};
		6203E81722CD18E600A7FC59 /* Frameworks */ = {
			isa = PBXFrameworksBuildPhase;
			buildActionMask = 2147483647;
			files = (
			);
			runOnlyForDeploymentPostprocessing = 0;
		};
		6203E82222CD18E600A7FC59 /* Frameworks */ = {
			isa = PBXFrameworksBuildPhase;
			buildActionMask = 2147483647;
			files = (
			);
			runOnlyForDeploymentPostprocessing = 0;
		};
/* End PBXFrameworksBuildPhase section */

/* Begin PBXGroup section */
		6203E7F922CD18E500A7FC59 = {
			isa = PBXGroup;
			children = (
				6203E80422CD18E500A7FC59 /* HighestNumberInArray */,
				6203E81D22CD18E600A7FC59 /* HighestNumberInArrayTests */,
				6203E82822CD18E600A7FC59 /* HighestNumberInArrayUITests */,
				6203E80322CD18E500A7FC59 /* Products */,
			);
			sourceTree = "<group>";
		};
		6203E80322CD18E500A7FC59 /* Products */ = {
			isa = PBXGroup;
			children = (
				6203E80222CD18E500A7FC59 /* HighestNumberInArray.app */,
				6203E81A22CD18E600A7FC59 /* HighestNumberInArrayTests.xctest */,
				6203E82522CD18E600A7FC59 /* HighestNumberInArrayUITests.xctest */,
			);
			name = Products;
			sourceTree = "<group>";
		};
		6203E80422CD18E500A7FC59 /* HighestNumberInArray */ = {
			isa = PBXGroup;
			children = (
				6203E80522CD18E500A7FC59 /* AppDelegate.h */,
				6203E80622CD18E500A7FC59 /* AppDelegate.m */,
				6203E80822CD18E500A7FC59 /* ViewController.h */,
				6203E80922CD18E500A7FC59 /* ViewController.m */,
				6203E80B22CD18E500A7FC59 /* Main.storyboard */,
				6203E80E22CD18E600A7FC59 /* Assets.xcassets */,
				6203E81022CD18E600A7FC59 /* LaunchScreen.storyboard */,
				6203E81322CD18E600A7FC59 /* Info.plist */,
				6203E81422CD18E600A7FC59 /* main.m */,
			);
			path = HighestNumberInArray;
			sourceTree = "<group>";
		};
		6203E81D22CD18E600A7FC59 /* HighestNumberInArrayTests */ = {
			isa = PBXGroup;
			children = (
				6203E81E22CD18E600A7FC59 /* HighestNumberInArrayTests.m */,
				6203E82022CD18E600A7FC59 /* Info.plist */,
			);
			path = HighestNumberInArrayTests;
			sourceTree = "<group>";
		};
		6203E82822CD18E600A7FC59 /* HighestNumberInArrayUITests */ = {
			isa = PBXGroup;
			children = (
				6203E82922CD18E600A7FC59 /* HighestNumberInArrayUITests.m */,
				6203E82B22CD18E600A7FC59 /* Info.plist */,
			);
			path = HighestNumberInArrayUITests;
			sourceTree = "<group>";
		};
/* End PBXGroup section */

/* Begin PBXNativeTarget section */
		6203E80122CD18E500A7FC59 /* HighestNumberInArray */ = {
			isa = PBXNativeTarget;
			buildConfigurationList = 6203E82E22CD18E600A7FC59 /* Build configuration list for PBXNativeTarget "HighestNumberInArray" */;
			buildPhases = (
				6203E7FE22CD18E500A7FC59 /* Sources */,
				6203E7FF22CD18E500A7FC59 /* Frameworks */,
				6203E80022CD18E500A7FC59 /* Resources */,
			);
			buildRules = (
			);
			dependencies = (
			);
			name = HighestNumberInArray;
			productName = HighestNumberInArray;
			productReference = 6203E80222CD18E500A7FC59 /* HighestNumberInArray.app */;
			productType = "com.apple.product-type.application";
		};
		6203E81922CD18E600A7FC59 /* HighestNumberInArrayTests */ = {
			isa = PBXNativeTarget;
			buildConfigurationList = 6203E83122CD18E600A7FC59 /* Build configuration list for PBXNativeTarget "HighestNumberInArrayTests" */;
			buildPhases = (
				6203E81622CD18E600A7FC59 /* Sources */,
				6203E81722CD18E600A7FC59 /* Frameworks */,
				6203E81822CD18E600A7FC59 /* Resources */,
			);
			buildRules = (
			);
			dependencies = (
				6203E81C22CD18E600A7FC59 /* PBXTargetDependency */,
			);
			name = HighestNumberInArrayTests;
			productName = HighestNumberInArrayTests;
			productReference = 6203E81A22CD18E600A7FC59 /* HighestNumberInArrayTests.xctest */;
			productType = "com.apple.product-type.bundle.unit-test";
		};
		6203E82422CD18E600A7FC59 /* HighestNumberInArrayUITests */ = {
			isa = PBXNativeTarget;
			buildConfigurationList = 6203E83422CD18E600A7FC59 /* Build configuration list for PBXNativeTarget "HighestNumberInArrayUITests" */;
			buildPhases = (
				6203E82122CD18E600A7FC59 /* Sources */,
				6203E82222CD18E600A7FC59 /* Frameworks */,
				6203E82322CD18E600A7FC59 /* Resources */,
			);
			buildRules = (
			);
			dependencies = (
				6203E82722CD18E600A7FC59 /* PBXTargetDependency */,
			);
			name = HighestNumberInArrayUITests;
			productName = HighestNumberInArrayUITests;
			productReference = 6203E82522CD18E600A7FC59 /* HighestNumberInArrayUITests.xctest */;
			productType = "com.apple.product-type.bundle.ui-testing";
		};
/* End PBXNativeTarget section */

/* Begin PBXProject section */
		6203E7FA22CD18E500A7FC59 /* Project object */ = {
			isa = PBXProject;
			attributes = {
				LastUpgradeCheck = 1020;
				ORGANIZATIONNAME = "RYAN GREENBURG";
				TargetAttributes = {
					6203E80122CD18E500A7FC59 = {
						CreatedOnToolsVersion = 10.2.1;
					};
					6203E81922CD18E600A7FC59 = {
						CreatedOnToolsVersion = 10.2.1;
						TestTargetID = 6203E80122CD18E500A7FC59;
					};
					6203E82422CD18E600A7FC59 = {
						CreatedOnToolsVersion = 10.2.1;
						TestTargetID = 6203E80122CD18E500A7FC59;
					};
				};
			};
			buildConfigurationList = 6203E7FD22CD18E500A7FC59 /* Build configuration list for PBXProject "HighestNumberInArray" */;
			compatibilityVersion = "Xcode 9.3";
			developmentRegion = en;
			hasScannedForEncodings = 0;
			knownRegions = (
				en,
				Base,
			);
			mainGroup = 6203E7F922CD18E500A7FC59;
			productRefGroup = 6203E80322CD18E500A7FC59 /* Products */;
			projectDirPath = "";
			projectRoot = "";
			targets = (
				6203E80122CD18E500A7FC59 /* HighestNumberInArray */,
				6203E81922CD18E600A7FC59 /* HighestNumberInArrayTests */,
				6203E82422CD18E600A7FC59 /* HighestNumberInArrayUITests */,
			);
		};
/* End PBXProject section */

/* Begin PBXResourcesBuildPhase section */
		6203E80022CD18E500A7FC59 /* Resources */ = {
			isa = PBXResourcesBuildPhase;
			buildActionMask = 2147483647;
			files = (
				6203E81222CD18E600A7FC59 /* LaunchScreen.storyboard in Resources */,
				6203E80F22CD18E600A7FC59 /* Assets.xcassets in Resources */,
				6203E80D22CD18E500A7FC59 /* Main.storyboard in Resources */,
			);
			runOnlyForDeploymentPostprocessing = 0;
		};
		6203E81822CD18E600A7FC59 /* Resources */ = {
			isa = PBXResourcesBuildPhase;
			buildActionMask = 2147483647;
			files = (
			);
			runOnlyForDeploymentPostprocessing = 0;
		};
		6203E82322CD18E600A7FC59 /* Resources */ = {
			isa = PBXResourcesBuildPhase;
			buildActionMask = 2147483647;
			files = (
			);
			runOnlyForDeploymentPostprocessing = 0;
		};
/* End PBXResourcesBuildPhase section */

/* Begin PBXSourcesBuildPhase section */
		6203E7FE22CD18E500A7FC59 /* Sources */ = {
			isa = PBXSourcesBuildPhase;
			buildActionMask = 2147483647;
			files = (
				6203E80A22CD18E500A7FC59 /* ViewController.m in Sources */,
				6203E81522CD18E600A7FC59 /* main.m in Sources */,
				6203E80722CD18E500A7FC59 /* AppDelegate.m in Sources */,
			);
			runOnlyForDeploymentPostprocessing = 0;
		};
		6203E81622CD18E600A7FC59 /* Sources */ = {
			isa = PBXSourcesBuildPhase;
			buildActionMask = 2147483647;
			files = (
				6203E81F22CD18E600A7FC59 /* HighestNumberInArrayTests.m in Sources */,
			);
			runOnlyForDeploymentPostprocessing = 0;
		};
		6203E82122CD18E600A7FC59 /* Sources */ = {
			isa = PBXSourcesBuildPhase;
			buildActionMask = 2147483647;
			files = (
				6203E82A22CD18E600A7FC59 /* HighestNumberInArrayUITests.m in Sources */,
			);
			runOnlyForDeploymentPostprocessing = 0;
		};
/* End PBXSourcesBuildPhase section */

/* Begin PBXTargetDependency section */
		6203E81C22CD18E600A7FC59 /* PBXTargetDependency */ = {
			isa = PBXTargetDependency;
			target = 6203E80122CD18E500A7FC59 /* HighestNumberInArray */;
			targetProxy = 6203E81B22CD18E600A7FC59 /* PBXContainerItemProxy */;
		};
		6203E82722CD18E600A7FC59 /* PBXTargetDependency */ = {
			isa = PBXTargetDependency;
			target = 6203E80122CD18E500A7FC59 /* HighestNumberInArray */;
			targetProxy = 6203E82622CD18E600A7FC59 /* PBXContainerItemProxy */;
		};
/* End PBXTargetDependency section */

/* Begin PBXVariantGroup section */
		6203E80B22CD18E500A7FC59 /* Main.storyboard */ = {
			isa = PBXVariantGroup;
			children = (
				6203E80C22CD18E500A7FC59 /* Base */,
			);
			name = Main.storyboard;
			sourceTree = "<group>";
		};
		6203E81022CD18E600A7FC59 /* LaunchScreen.storyboard */ = {
			isa = PBXVariantGroup;
			children = (
				6203E81122CD18E600A7FC59 /* Base */,
			);
			name = LaunchScreen.storyboard;
			sourceTree = "<group>";
		};
/* End PBXVariantGroup section */

/* Begin XCBuildConfiguration section */
		6203E82C22CD18E600A7FC59 /* Debug */ = {
			isa = XCBuildConfiguration;
			buildSettings = {
				ALWAYS_SEARCH_USER_PATHS = NO;
				CLANG_ANALYZER_NONNULL = YES;
				CLANG_ANALYZER_NUMBER_OBJECT_CONVERSION = YES_AGGRESSIVE;
				CLANG_CXX_LANGUAGE_STANDARD = "gnu++14";
				CLANG_CXX_LIBRARY = "libc++";
				CLANG_ENABLE_MODULES = YES;
				CLANG_ENABLE_OBJC_ARC = YES;
				CLANG_ENABLE_OBJC_WEAK = YES;
				CLANG_WARN_BLOCK_CAPTURE_AUTORELEASING = YES;
				CLANG_WARN_BOOL_CONVERSION = YES;
				CLANG_WARN_COMMA = YES;
				CLANG_WARN_CONSTANT_CONVERSION = YES;
				CLANG_WARN_DEPRECATED_OBJC_IMPLEMENTATIONS = YES;
				CLANG_WARN_DIRECT_OBJC_ISA_USAGE = YES_ERROR;
				CLANG_WARN_DOCUMENTATION_COMMENTS = YES;
				CLANG_WARN_EMPTY_BODY = YES;
				CLANG_WARN_ENUM_CONVERSION = YES;
				CLANG_WARN_INFINITE_RECURSION = YES;
				CLANG_WARN_INT_CONVERSION = YES;
				CLANG_WARN_NON_LITERAL_NULL_CONVERSION = YES;
				CLANG_WARN_OBJC_IMPLICIT_RETAIN_SELF = YES;
				CLANG_WARN_OBJC_LITERAL_CONVERSION = YES;
				CLANG_WARN_OBJC_ROOT_CLASS = YES_ERROR;
				CLANG_WARN_RANGE_LOOP_ANALYSIS = YES;
				CLANG_WARN_STRICT_PROTOTYPES = YES;
				CLANG_WARN_SUSPICIOUS_MOVE = YES;
				CLANG_WARN_UNGUARDED_AVAILABILITY = YES_AGGRESSIVE;
				CLANG_WARN_UNREACHABLE_CODE = YES;
				CLANG_WARN__DUPLICATE_METHOD_MATCH = YES;
				CODE_SIGN_IDENTITY = "iPhone Developer";
				COPY_PHASE_STRIP = NO;
				DEBUG_INFORMATION_FORMAT = dwarf;
				ENABLE_STRICT_OBJC_MSGSEND = YES;
				ENABLE_TESTABILITY = YES;
				GCC_C_LANGUAGE_STANDARD = gnu11;
				GCC_DYNAMIC_NO_PIC = NO;
				GCC_NO_COMMON_BLOCKS = YES;
				GCC_OPTIMIZATION_LEVEL = 0;
				GCC_PREPROCESSOR_DEFINITIONS = (
					"DEBUG=1",
					"$(inherited)",
				);
				GCC_WARN_64_TO_32_BIT_CONVERSION = YES;
				GCC_WARN_ABOUT_RETURN_TYPE = YES_ERROR;
				GCC_WARN_UNDECLARED_SELECTOR = YES;
				GCC_WARN_UNINITIALIZED_AUTOS = YES_AGGRESSIVE;
				GCC_WARN_UNUSED_FUNCTION = YES;
				GCC_WARN_UNUSED_VARIABLE = YES;
				IPHONEOS_DEPLOYMENT_TARGET = 12.2;
				MTL_ENABLE_DEBUG_INFO = INCLUDE_SOURCE;
				MTL_FAST_MATH = YES;
				ONLY_ACTIVE_ARCH = YES;
				SDKROOT = iphoneos;
			};
			name = Debug;
		};
		6203E82D22CD18E600A7FC59 /* Release */ = {
			isa = XCBuildConfiguration;
			buildSettings = {
				ALWAYS_SEARCH_USER_PATHS = NO;
				CLANG_ANALYZER_NONNULL = YES;
				CLANG_ANALYZER_NUMBER_OBJECT_CONVERSION = YES_AGGRESSIVE;
				CLANG_CXX_LANGUAGE_STANDARD = "gnu++14";
				CLANG_CXX_LIBRARY = "libc++";
				CLANG_ENABLE_MODULES = YES;
				CLANG_ENABLE_OBJC_ARC = YES;
				CLANG_ENABLE_OBJC_WEAK = YES;
				CLANG_WARN_BLOCK_CAPTURE_AUTORELEASING = YES;
				CLANG_WARN_BOOL_CONVERSION = YES;
				CLANG_WARN_COMMA = YES;
				CLANG_WARN_CONSTANT_CONVERSION = YES;
				CLANG_WARN_DEPRECATED_OBJC_IMPLEMENTATIONS = YES;
				CLANG_WARN_DIRECT_OBJC_ISA_USAGE = YES_ERROR;
				CLANG_WARN_DOCUMENTATION_COMMENTS = YES;
				CLANG_WARN_EMPTY_BODY = YES;
				CLANG_WARN_ENUM_CONVERSION = YES;
				CLANG_WARN_INFINITE_RECURSION = YES;
				CLANG_WARN_INT_CONVERSION = YES;
				CLANG_WARN_NON_LITERAL_NULL_CONVERSION = YES;
				CLANG_WARN_OBJC_IMPLICIT_RETAIN_SELF = YES;
				CLANG_WARN_OBJC_LITERAL_CONVERSION = YES;
				CLANG_WARN_OBJC_ROOT_CLASS = YES_ERROR;
				CLANG_WARN_RANGE_LOOP_ANALYSIS = YES;
				CLANG_WARN_STRICT_PROTOTYPES = YES;
				CLANG_WARN_SUSPICIOUS_MOVE = YES;
				CLANG_WARN_UNGUARDED_AVAILABILITY = YES_AGGRESSIVE;
				CLANG_WARN_UNREACHABLE_CODE = YES;
				CLANG_WARN__DUPLICATE_METHOD_MATCH = YES;
				CODE_SIGN_IDENTITY = "iPhone Developer";
				COPY_PHASE_STRIP = NO;
				DEBUG_INFORMATION_FORMAT = "dwarf-with-dsym";
				ENABLE_NS_ASSERTIONS = NO;
				ENABLE_STRICT_OBJC_MSGSEND = YES;
				GCC_C_LANGUAGE_STANDARD = gnu11;
				GCC_NO_COMMON_BLOCKS = YES;
				GCC_WARN_64_TO_32_BIT_CONVERSION = YES;
				GCC_WARN_ABOUT_RETURN_TYPE = YES_ERROR;
				GCC_WARN_UNDECLARED_SELECTOR = YES;
				GCC_WARN_UNINITIALIZED_AUTOS = YES_AGGRESSIVE;
				GCC_WARN_UNUSED_FUNCTION = YES;
				GCC_WARN_UNUSED_VARIABLE = YES;
				IPHONEOS_DEPLOYMENT_TARGET = 12.2;
				MTL_ENABLE_DEBUG_INFO = NO;
				MTL_FAST_MATH = YES;
				SDKROOT = iphoneos;
				VALIDATE_PRODUCT = YES;
			};
			name = Release;
		};
		6203E82F22CD18E600A7FC59 /* Debug */ = {
			isa = XCBuildConfiguration;
			buildSettings = {
				ASSETCATALOG_COMPILER_APPICON_NAME = AppIcon;
				CODE_SIGN_STYLE = Automatic;
				DEVELOPMENT_TEAM = H8C27D6HU3;
				INFOPLIST_FILE = HighestNumberInArray/Info.plist;
				LD_RUNPATH_SEARCH_PATHS = (
					"$(inherited)",
					"@executable_path/Frameworks",
				);
				PRODUCT_BUNDLE_IDENTIFIER = A.HighestNumberInArray;
				PRODUCT_NAME = "$(TARGET_NAME)";
				TARGETED_DEVICE_FAMILY = "1,2";
			};
			name = Debug;
		};
		6203E83022CD18E600A7FC59 /* Release */ = {
			isa = XCBuildConfiguration;
			buildSettings = {
				ASSETCATALOG_COMPILER_APPICON_NAME = AppIcon;
				CODE_SIGN_STYLE = Automatic;
				DEVELOPMENT_TEAM = H8C27D6HU3;
				INFOPLIST_FILE = HighestNumberInArray/Info.plist;
				LD_RUNPATH_SEARCH_PATHS = (
					"$(inherited)",
					"@executable_path/Frameworks",
				);
				PRODUCT_BUNDLE_IDENTIFIER = A.HighestNumberInArray;
				PRODUCT_NAME = "$(TARGET_NAME)";
				TARGETED_DEVICE_FAMILY = "1,2";
			};
			name = Release;
		};
		6203E83222CD18E600A7FC59 /* Debug */ = {
			isa = XCBuildConfiguration;
			buildSettings = {
				BUNDLE_LOADER = "$(TEST_HOST)";
				CODE_SIGN_STYLE = Automatic;
				INFOPLIST_FILE = HighestNumberInArrayTests/Info.plist;
				LD_RUNPATH_SEARCH_PATHS = (
					"$(inherited)",
					"@executable_path/Frameworks",
					"@loader_path/Frameworks",
				);
				PRODUCT_BUNDLE_IDENTIFIER = A.HighestNumberInArrayTests;
				PRODUCT_NAME = "$(TARGET_NAME)";
				TARGETED_DEVICE_FAMILY = "1,2";
				TEST_HOST = "$(BUILT_PRODUCTS_DIR)/HighestNumberInArray.app/HighestNumberInArray";
			};
			name = Debug;
		};
		6203E83322CD18E600A7FC59 /* Release */ = {
			isa = XCBuildConfiguration;
			buildSettings = {
				BUNDLE_LOADER = "$(TEST_HOST)";
				CODE_SIGN_STYLE = Automatic;
				INFOPLIST_FILE = HighestNumberInArrayTests/Info.plist;
				LD_RUNPATH_SEARCH_PATHS = (
					"$(inherited)",
					"@executable_path/Frameworks",
					"@loader_path/Frameworks",
				);
				PRODUCT_BUNDLE_IDENTIFIER = A.HighestNumberInArrayTests;
				PRODUCT_NAME = "$(TARGET_NAME)";
				TARGETED_DEVICE_FAMILY = "1,2";
				TEST_HOST = "$(BUILT_PRODUCTS_DIR)/HighestNumberInArray.app/HighestNumberInArray";
			};
			name = Release;
		};
		6203E83522CD18E600A7FC59 /* Debug */ = {
			isa = XCBuildConfiguration;
			buildSettings = {
				CODE_SIGN_STYLE = Automatic;
				INFOPLIST_FILE = HighestNumberInArrayUITests/Info.plist;
				LD_RUNPATH_SEARCH_PATHS = (
					"$(inherited)",
					"@executable_path/Frameworks",
					"@loader_path/Frameworks",
				);
				PRODUCT_BUNDLE_IDENTIFIER = A.HighestNumberInArrayUITests;
				PRODUCT_NAME = "$(TARGET_NAME)";
				TARGETED_DEVICE_FAMILY = "1,2";
				TEST_TARGET_NAME = HighestNumberInArray;
			};
			name = Debug;
		};
		6203E83622CD18E600A7FC59 /* Release */ = {
			isa = XCBuildConfiguration;
			buildSettings = {
				CODE_SIGN_STYLE = Automatic;
				INFOPLIST_FILE = HighestNumberInArrayUITests/Info.plist;
				LD_RUNPATH_SEARCH_PATHS = (
					"$(inherited)",
					"@executable_path/Frameworks",
					"@loader_path/Frameworks",
				);
				PRODUCT_BUNDLE_IDENTIFIER = A.HighestNumberInArrayUITests;
				PRODUCT_NAME = "$(TARGET_NAME)";
				TARGETED_DEVICE_FAMILY = "1,2";
				TEST_TARGET_NAME = HighestNumberInArray;
			};
			name = Release;
		};
/* End XCBuildConfiguration section */

/* Begin XCConfigurationList section */
		6203E7FD22CD18E500A7FC59 /* Build configuration list for PBXProject "HighestNumberInArray" */ = {
			isa = XCConfigurationList;
			buildConfigurations = (
				6203E82C22CD18E600A7FC59 /* Debug */,
				6203E82D22CD18E600A7FC59 /* Release */,
			);
			defaultConfigurationIsVisible = 0;
			defaultConfigurationName = Release;
		};
		6203E82E22CD18E600A7FC59 /* Build configuration list for PBXNativeTarget "HighestNumberInArray" */ = {
			isa = XCConfigurationList;
			buildConfigurations = (
				6203E82F22CD18E600A7FC59 /* Debug */,
				6203E83022CD18E600A7FC59 /* Release */,
			);
			defaultConfigurationIsVisible = 0;
			defaultConfigurationName = Release;
		};
		6203E83122CD18E600A7FC59 /* Build configuration list for PBXNativeTarget "HighestNumberInArrayTests" */ = {
			isa = XCConfigurationList;
			buildConfigurations = (
				6203E83222CD18E600A7FC59 /* Debug */,
				6203E83322CD18E600A7FC59 /* Release */,
			);
			defaultConfigurationIsVisible = 0;
			defaultConfigurationName = Release;
		};
		6203E83422CD18E600A7FC59 /* Build configuration list for PBXNativeTarget "HighestNumberInArrayUITests" */ = {
			isa = XCConfigurationList;
			buildConfigurations = (
				6203E83522CD18E600A7FC59 /* Debug */,
				6203E83622CD18E600A7FC59 /* Release */,
			);
			defaultConfigurationIsVisible = 0;
			defaultConfigurationName = Release;
		};
/* End XCConfigurationList section */
	};
	rootObject = 6203E7FA22CD18E500A7FC59 /* Project object */;
}
